{
  "name": "Myapp",
  "lockfileVersion": 2,
  "requires": true,
  "packages": {
    "": {
      "dependencies": {
        "expo-linear-gradient": "^12.3.0"
      }
    },
    "node_modules/expo-linear-gradient": {
      "version": "12.3.0",
      "resolved": "https://registry.npmjs.org/expo-linear-gradient/-/expo-linear-gradient-12.3.0.tgz",
      "integrity": "sha512-f9e+Oxe5z7fNQarTBZXilMyswlkbYWQHONVfq8MqmiEnW3h9XsxxmVJLG8uVQSQPUsbW+x1UUT/tnU6mkMWeLg==",
      "peerDependencies": {
        "expo": "*"
      }
    }
  },
  "dependencies": {
    "expo-linear-gradient": {
      "version": "12.3.0",
      "resolved": "https://registry.npmjs.org/expo-linear-gradient/-/expo-linear-gradient-12.3.0.tgz",
      "integrity": "sha512-f9e+Oxe5z7fNQarTBZXilMyswlkbYWQHONVfq8MqmiEnW3h9XsxxmVJLG8uVQSQPUsbW+x1UUT/tnU6mkMWeLg=="
    }
  }
}
